
Microsoft Visual Studio Solution File, Format Version 12.00
# Visual Studio Version 17
VisualStudioVersion = 17.7.34024.191
MinimumVisualStudioVersion = 10.0.40219.1
Project("{FAE04EC0-301F-11D3-BF4B-00C04F79EFBC}") = "Collections", "Collections\Collections.csproj", "{44011032-A3A7-4E9E-9EF7-96F7A4A931C8}"
EndProject
Project("{FAE04EC0-301F-11D3-BF4B-00C04F79EFBC}") = "CW1", "CW1\CW1.csproj", "{49D1F870-5BA3-46EA-99F7-4AE4A0D78084}"
EndProject
Project("{FAE04EC0-301F-11D3-BF4B-00C04F79EFBC}") = "CW2", "CW2\CW2.csproj", "{1FB475BD-A56D-4D58-95D3-78A0235F4CD1}"
EndProject
Project("{FAE04EC0-301F-11D3-BF4B-00C04F79EFBC}") = "Lists", "Lists\Lists.csproj", "{AA2DBC3D-A97E-4275-B952-73A3215755AD}"
EndProject
Project("{FAE04EC0-301F-11D3-BF4B-00C04F79EFBC}") = "Stack", "Stack\Stack.csproj", "{267AD7A0-CBE5-4AD6-B536-88EC51161D59}"
EndProject
Project("{FAE04EC0-301F-11D3-BF4B-00C04F79EFBC}") = "CW3", "CW3\CW3.csproj", "{9EB94E4F-9CD1-4A02-A066-C17E421CD95A}"
EndProject
Project("{FAE04EC0-301F-11D3-BF4B-00C04F79EFBC}") = "Queues", "Queue\Queues.csproj", "{B350264F-6E3E-428E-9556-0B19095A0318}"
EndProject
Project("{FAE04EC0-301F-11D3-BF4B-00C04F79EFBC}") = "CW4", "CW4\CW4.csproj", "{20359E58-6BAE-43A4-BD8F-E208385803C8}"
EndProject
Global
	GlobalSection(SolutionConfigurationPlatforms) = preSolution
		Debug|Any CPU = Debug|Any CPU
		Release|Any CPU = Release|Any CPU
	EndGlobalSection
	GlobalSection(ProjectConfigurationPlatforms) = postSolution
		{44011032-A3A7-4E9E-9EF7-96F7A4A931C8}.Debug|Any CPU.ActiveCfg = Debug|Any CPU
		{44011032-A3A7-4E9E-9EF7-96F7A4A931C8}.Debug|Any CPU.Build.0 = Debug|Any CPU
		{44011032-A3A7-4E9E-9EF7-96F7A4A931C8}.Release|Any CPU.ActiveCfg = Release|Any CPU
		{44011032-A3A7-4E9E-9EF7-96F7A4A931C8}.Release|Any CPU.Build.0 = Release|Any CPU
		{49D1F870-5BA3-46EA-99F7-4AE4A0D78084}.Debug|Any CPU.ActiveCfg = Debug|Any CPU
		{49D1F870-5BA3-46EA-99F7-4AE4A0D78084}.Debug|Any CPU.Build.0 = Debug|Any CPU
		{49D1F870-5BA3-46EA-99F7-4AE4A0D78084}.Release|Any CPU.ActiveCfg = Release|Any CPU
		{49D1F870-5BA3-46EA-99F7-4AE4A0D78084}.Release|Any CPU.Build.0 = Release|Any CPU
		{1FB475BD-A56D-4D58-95D3-78A0235F4CD1}.Debug|Any CPU.ActiveCfg = Debug|Any CPU
		{1FB475BD-A56D-4D58-95D3-78A0235F4CD1}.Debug|Any CPU.Build.0 = Debug|Any CPU
		{1FB475BD-A56D-4D58-95D3-78A0235F4CD1}.Release|Any CPU.ActiveCfg = Release|Any CPU
		{1FB475BD-A56D-4D58-95D3-78A0235F4CD1}.Release|Any CPU.Build.0 = Release|Any CPU
		{AA2DBC3D-A97E-4275-B952-73A3215755AD}.Debug|Any CPU.ActiveCfg = Debug|Any CPU
		{AA2DBC3D-A97E-4275-B952-73A3215755AD}.Debug|Any CPU.Build.0 = Debug|Any CPU
		{AA2DBC3D-A97E-4275-B952-73A3215755AD}.Release|Any CPU.ActiveCfg = Release|Any CPU
		{AA2DBC3D-A97E-4275-B952-73A3215755AD}.Release|Any CPU.Build.0 = Release|Any CPU
		{267AD7A0-CBE5-4AD6-B536-88EC51161D59}.Debug|Any CPU.ActiveCfg = Debug|Any CPU
		{267AD7A0-CBE5-4AD6-B536-88EC51161D59}.Debug|Any CPU.Build.0 = Debug|Any CPU
		{267AD7A0-CBE5-4AD6-B536-88EC51161D59}.Release|Any CPU.ActiveCfg = Release|Any CPU
		{267AD7A0-CBE5-4AD6-B536-88EC51161D59}.Release|Any CPU.Build.0 = Release|Any CPU
		{9EB94E4F-9CD1-4A02-A066-C17E421CD95A}.Debug|Any CPU.ActiveCfg = Debug|Any CPU
		{9EB94E4F-9CD1-4A02-A066-C17E421CD95A}.Debug|Any CPU.Build.0 = Debug|Any CPU
		{9EB94E4F-9CD1-4A02-A066-C17E421CD95A}.Release|Any CPU.ActiveCfg = Release|Any CPU
		{9EB94E4F-9CD1-4A02-A066-C17E421CD95A}.Release|Any CPU.Build.0 = Release|Any CPU
		{B350264F-6E3E-428E-9556-0B19095A0318}.Debug|Any CPU.ActiveCfg = Debug|Any CPU
		{B350264F-6E3E-428E-9556-0B19095A0318}.Debug|Any CPU.Build.0 = Debug|Any CPU
		{B350264F-6E3E-428E-9556-0B19095A0318}.Release|Any CPU.ActiveCfg = Release|Any CPU
		{B350264F-6E3E-428E-9556-0B19095A0318}.Release|Any CPU.Build.0 = Release|Any CPU
		{20359E58-6BAE-43A4-BD8F-E208385803C8}.Debug|Any CPU.ActiveCfg = Debug|Any CPU
		{20359E58-6BAE-43A4-BD8F-E208385803C8}.Debug|Any CPU.Build.0 = Debug|Any CPU
		{20359E58-6BAE-43A4-BD8F-E208385803C8}.Release|Any CPU.ActiveCfg = Release|Any CPU
		{20359E58-6BAE-43A4-BD8F-E208385803C8}.Release|Any CPU.Build.0 = Release|Any CPU
	EndGlobalSection
	GlobalSection(SolutionProperties) = preSolution
		HideSolutionNode = FALSE
	EndGlobalSection
	GlobalSection(ExtensibilityGlobals) = postSolution
		SolutionGuid = {FB305A08-73F6-4B20-B364-83E0177E0AED}
	EndGlobalSection
EndGlobal
